// !$*UTF8*$!
{
	archiveVersion = 1;
	classes = {
	};
	objectVersion = 56;
	objects = {

/* Begin PBXBuildFile section */
		B7D595CA29072B5D00E964BC /* AppDelegate.swift in Sources */ = {isa = PBXBuildFile; fileRef = B7D595C929072B5D00E964BC /* AppDelegate.swift */; };
		B7D595CC29072B5D00E964BC /* SceneDelegate.swift in Sources */ = {isa = PBXBuildFile; fileRef = B7D595CB29072B5D00E964BC /* SceneDelegate.swift */; };
		B7D595CE29072B5D00E964BC /* GridViewController.swift in Sources */ = {isa = PBXBuildFile; fileRef = B7D595CD29072B5D00E964BC /* GridViewController.swift */; };
		B7D595D129072B5D00E964BC /* Main.storyboard in Resources */ = {isa = PBXBuildFile; fileRef = B7D595CF29072B5D00E964BC /* Main.storyboard */; };
		B7D595D329072B5E00E964BC /* Assets.xcassets in Resources */ = {isa = PBXBuildFile; fileRef = B7D595D229072B5E00E964BC /* Assets.xcassets */; };
		B7D595D629072B5E00E964BC /* LaunchScreen.storyboard in Resources */ = {isa = PBXBuildFile; fileRef = B7D595D429072B5E00E964BC /* LaunchScreen.storyboard */; };
		B7D595DE2908521F00E964BC /* GridCollectionViewCell.swift in Sources */ = {isa = PBXBuildFile; fileRef = B7D595DD2908521F00E964BC /* GridCollectionViewCell.swift */; };
		B7D595E02909A3C900E964BC /* SudokuModel.swift in Sources */ = {isa = PBXBuildFile; fileRef = B7D595DF2909A3C900E964BC /* SudokuModel.swift */; };
		B7D595E22909A4A300E964BC /* SudokuBrain.swift in Sources */ = {isa = PBXBuildFile; fileRef = B7D595E12909A4A300E964BC /* SudokuBrain.swift */; };
		B7D595E42909A7F700E964BC /* ResultViewController.swift in Sources */ = {isa = PBXBuildFile; fileRef = B7D595E32909A7F700E964BC /* ResultViewController.swift */; };
		B7D595EE2909AAE900E964BC /* ResultCollectionViewCell.swift in Sources */ = {isa = PBXBuildFile; fileRef = B7D595ED2909AAE900E964BC /* ResultCollectionViewCell.swift */; };
/* End PBXBuildFile section */

/* Begin PBXFileReference section */
		B7D595C629072B5D00E964BC /* Sudoku Solver.app */ = {isa = PBXFileReference; explicitFileType = wrapper.application; includeInIndex = 0; path = "Sudoku Solver.app"; sourceTree = BUILT_PRODUCTS_DIR; };
		B7D595C929072B5D00E964BC /* AppDelegate.swift */ = {isa = PBXFileReference; lastKnownFileType = sourcecode.swift; path = AppDelegate.swift; sourceTree = "<group>"; };
		B7D595CB29072B5D00E964BC /* SceneDelegate.swift */ = {isa = PBXFileReference; lastKnownFileType = sourcecode.swift; path = SceneDelegate.swift; sourceTree = "<group>"; };
		B7D595CD29072B5D00E964BC /* GridViewController.swift */ = {isa = PBXFileReference; lastKnownFileType = sourcecode.swift; path = GridViewController.swift; sourceTree = "<group>"; };
		B7D595D029072B5D00E964BC /* Base */ = {isa = PBXFileReference; lastKnownFileType = file.storyboard; name = Base; path = Base.lproj/Main.storyboard; sourceTree = "<group>"; };
		B7D595D229072B5E00E964BC /* Assets.xcassets */ = {isa = PBXFileReference; lastKnownFileType = folder.assetcatalog; path = Assets.xcassets; sourceTree = "<group>"; };
		B7D595D529072B5E00E964BC /* Base */ = {isa = PBXFileReference; lastKnownFileType = file.storyboard; name = Base; path = Base.lproj/LaunchScreen.storyboard; sourceTree = "<group>"; };
		B7D595D729072B5E00E964BC /* Info.plist */ = {isa = PBXFileReference; lastKnownFileType = text.plist.xml; path = Info.plist; sourceTree = "<group>"; };
		B7D595DD2908521F00E964BC /* GridCollectionViewCell.swift */ = {isa = PBXFileReference; lastKnownFileType = sourcecode.swift; path = GridCollectionViewCell.swift; sourceTree = "<group>"; };
		B7D595DF2909A3C900E964BC /* SudokuModel.swift */ = {isa = PBXFileReference; lastKnownFileType = sourcecode.swift; path = SudokuModel.swift; sourceTree = "<group>"; };
		B7D595E12909A4A300E964BC /* SudokuBrain.swift */ = {isa = PBXFileReference; lastKnownFileType = sourcecode.swift; path = SudokuBrain.swift; sourceTree = "<group>"; };
		B7D595E32909A7F700E964BC /* ResultViewController.swift */ = {isa = PBXFileReference; lastKnownFileType = sourcecode.swift; path = ResultViewController.swift; sourceTree = "<group>"; };
		B7D595ED2909AAE900E964BC /* ResultCollectionViewCell.swift */ = {isa = PBXFileReference; lastKnownFileType = sourcecode.swift; path = ResultCollectionViewCell.swift; sourceTree = "<group>"; };
/* End PBXFileReference section */

/* Begin PBXFrameworksBuildPhase section */
		B7D595C329072B5D00E964BC /* Frameworks */ = {
			isa = PBXFrameworksBuildPhase;
			buildActionMask = 2147483647;
			files = (
			);
			runOnlyForDeploymentPostprocessing = 0;
		};
/* End PBXFrameworksBuildPhase section */

/* Begin PBXGroup section */
		B7D595BD29072B5D00E964BC = {
			isa = PBXGroup;
			children = (
				B7D595C829072B5D00E964BC /* Sudoku Solver */,
				B7D595C729072B5D00E964BC /* Products */,
			);
			sourceTree = "<group>";
		};
		B7D595C729072B5D00E964BC /* Products */ = {
			isa = PBXGroup;
			children = (
				B7D595C629072B5D00E964BC /* Sudoku Solver.app */,
			);
			name = Products;
			sourceTree = "<group>";
		};
		B7D595C829072B5D00E964BC /* Sudoku Solver */ = {
			isa = PBXGroup;
			children = (
				B7D595C929072B5D00E964BC /* AppDelegate.swift */,
				B7D595CB29072B5D00E964BC /* SceneDelegate.swift */,
				B7D595EF2909B2D000E964BC /* Models */,
				B7D595F02909B2E200E964BC /* Views */,
				B7D595F12909B2FD00E964BC /* Controllers */,
				B7D595CF29072B5D00E964BC /* Main.storyboard */,
				B7D595D229072B5E00E964BC /* Assets.xcassets */,
				B7D595D429072B5E00E964BC /* LaunchScreen.storyboard */,
				B7D595D729072B5E00E964BC /* Info.plist */,
			);
			path = "Sudoku Solver";
			sourceTree = "<group>";
		};
		B7D595EF2909B2D000E964BC /* Models */ = {
			isa = PBXGroup;
			children = (
				B7D595DF2909A3C900E964BC /* SudokuModel.swift */,
				B7D595E12909A4A300E964BC /* SudokuBrain.swift */,
			);
			path = Models;
			sourceTree = "<group>";
		};
		B7D595F02909B2E200E964BC /* Views */ = {
			isa = PBXGroup;
			children = (
				B7D595DD2908521F00E964BC /* GridCollectionViewCell.swift */,
				B7D595ED2909AAE900E964BC /* ResultCollectionViewCell.swift */,
			);
			path = Views;
			sourceTree = "<group>";
		};
		B7D595F12909B2FD00E964BC /* Controllers */ = {
			isa = PBXGroup;
			children = (
				B7D595CD29072B5D00E964BC /* GridViewController.swift */,
				B7D595E32909A7F700E964BC /* ResultViewController.swift */,
			);
			path = Controllers;
			sourceTree = "<group>";
		};
/* End PBXGroup section */

/* Begin PBXNativeTarget section */
		B7D595C529072B5D00E964BC /* Sudoku Solver */ = {
			isa = PBXNativeTarget;
			buildConfigurationList = B7D595DA29072B5E00E964BC /* Build configuration list for PBXNativeTarget "Sudoku Solver" */;
			buildPhases = (
				B7D595C229072B5D00E964BC /* Sources */,
				B7D595C329072B5D00E964BC /* Frameworks */,
				B7D595C429072B5D00E964BC /* Resources */,
			);
			buildRules = (
			);
			dependencies = (
			);
			name = "Sudoku Solver";
			productName = "Sudoku Solver";
			productReference = B7D595C629072B5D00E964BC /* Sudoku Solver.app */;
			productType = "com.apple.product-type.application";
		};
/* End PBXNativeTarget section */

/* Begin PBXProject section */
		B7D595BE29072B5D00E964BC /* Project object */ = {
			isa = PBXProject;
			attributes = {
				BuildIndependentTargetsInParallel = 1;
				LastSwiftUpdateCheck = 1400;
				LastUpgradeCheck = 1400;
				TargetAttributes = {
					B7D595C529072B5D00E964BC = {
						CreatedOnToolsVersion = 14.0.1;
					};
				};
			};
			buildConfigurationList = B7D595C129072B5D00E964BC /* Build configuration list for PBXProject "Sudoku Solver" */;
			compatibilityVersion = "Xcode 14.0";
			developmentRegion = en;
			hasScannedForEncodings = 0;
			knownRegions = (
				en,
				Base,
			);
			mainGroup = B7D595BD29072B5D00E964BC;
			productRefGroup = B7D595C729072B5D00E964BC /* Products */;
			projectDirPath = "";
			projectRoot = "";
			targets = (
				B7D595C529072B5D00E964BC /* Sudoku Solver */,
			);
		};
/* End PBXProject section */

/* Begin PBXResourcesBuildPhase section */
		B7D595C429072B5D00E964BC /* Resources */ = {
			isa = PBXResourcesBuildPhase;
			buildActionMask = 2147483647;
			files = (
				B7D595D629072B5E00E964BC /* LaunchScreen.storyboard in Resources */,
				B7D595D329072B5E00E964BC /* Assets.xcassets in Resources */,
				B7D595D129072B5D00E964BC /* Main.storyboard in Resources */,
			);
			runOnlyForDeploymentPostprocessing = 0;
		};
/* End PBXResourcesBuildPhase section */

/* Begin PBXSourcesBuildPhase section */
		B7D595C229072B5D00E964BC /* Sources */ = {
			isa = PBXSourcesBuildPhase;
			buildActionMask = 2147483647;
			files = (
				B7D595E02909A3C900E964BC /* SudokuModel.swift in Sources */,
				B7D595E22909A4A300E964BC /* SudokuBrain.swift in Sources */,
				B7D595E42909A7F700E964BC /* ResultViewController.swift in Sources */,
				B7D595DE2908521F00E964BC /* GridCollectionViewCell.swift in Sources */,
				B7D595CE29072B5D00E964BC /* GridViewController.swift in Sources */,
				B7D595CA29072B5D00E964BC /* AppDelegate.swift in Sources */,
				B7D595CC29072B5D00E964BC /* SceneDelegate.swift in Sources */,
				B7D595EE2909AAE900E964BC /* ResultCollectionViewCell.swift in Sources */,
			);
			runOnlyForDeploymentPostprocessing = 0;
		};
/* End PBXSourcesBuildPhase section */

/* Begin PBXVariantGroup section */
		B7D595CF29072B5D00E964BC /* Main.storyboard */ = {
			isa = PBXVariantGroup;
			children = (
				B7D595D029072B5D00E964BC /* Base */,
			);
			name = Main.storyboard;
			sourceTree = "<group>";
		};
		B7D595D429072B5E00E964BC /* LaunchScreen.storyboard */ = {
			isa = PBXVariantGroup;
			children = (
				B7D595D529072B5E00E964BC /* Base */,
			);
			name = LaunchScreen.storyboard;
			sourceTree = "<group>";
		};
/* End PBXVariantGroup section */

/* Begin XCBuildConfiguration section */
		B7D595D829072B5E00E964BC /* Debug */ = {
			isa = XCBuildConfiguration;
			buildSettings = {
				ALWAYS_SEARCH_USER_PATHS = NO;
				CLANG_ANALYZER_NONNULL = YES;
				CLANG_ANALYZER_NUMBER_OBJECT_CONVERSION = YES_AGGRESSIVE;
				CLANG_CXX_LANGUAGE_STANDARD = "gnu++20";
				CLANG_ENABLE_MODULES = YES;
				CLANG_ENABLE_OBJC_ARC = YES;
				CLANG_ENABLE_OBJC_WEAK = YES;
				CLANG_WARN_BLOCK_CAPTURE_AUTORELEASING = YES;
				CLANG_WARN_BOOL_CONVERSION = YES;
				CLANG_WARN_COMMA = YES;
				CLANG_WARN_CONSTANT_CONVERSION = YES;
				CLANG_WARN_DEPRECATED_OBJC_IMPLEMENTATIONS = YES;
				CLANG_WARN_DIRECT_OBJC_ISA_USAGE = YES_ERROR;
				CLANG_WARN_DOCUMENTATION_COMMENTS = YES;
				CLANG_WARN_EMPTY_BODY = YES;
				CLANG_WARN_ENUM_CONVERSION = YES;
				CLANG_WARN_INFINITE_RECURSION = YES;
				CLANG_WARN_INT_CONVERSION = YES;
				CLANG_WARN_NON_LITERAL_NULL_CONVERSION = YES;
				CLANG_WARN_OBJC_IMPLICIT_RETAIN_SELF = YES;
				CLANG_WARN_OBJC_LITERAL_CONVERSION = YES;
				CLANG_WARN_OBJC_ROOT_CLASS = YES_ERROR;
				CLANG_WARN_QUOTED_INCLUDE_IN_FRAMEWORK_HEADER = YES;
				CLANG_WARN_RANGE_LOOP_ANALYSIS = YES;
				CLANG_WARN_STRICT_PROTOTYPES = YES;
				CLANG_WARN_SUSPICIOUS_MOVE = YES;
				CLANG_WARN_UNGUARDED_AVAILABILITY = YES_AGGRESSIVE;
				CLANG_WARN_UNREACHABLE_CODE = YES;
				CLANG_WARN__DUPLICATE_METHOD_MATCH = YES;
				COPY_PHASE_STRIP = NO;
				DEBUG_INFORMATION_FORMAT = dwarf;
				ENABLE_STRICT_OBJC_MSGSEND = YES;
				ENABLE_TESTABILITY = YES;
				GCC_C_LANGUAGE_STANDARD = gnu11;
				GCC_DYNAMIC_NO_PIC = NO;
				GCC_NO_COMMON_BLOCKS = YES;
				GCC_OPTIMIZATION_LEVEL = 0;
				GCC_PREPROCESSOR_DEFINITIONS = (
					"DEBUG=1",
					"$(inherited)",
				);
				GCC_WARN_64_TO_32_BIT_CONVERSION = YES;
				GCC_WARN_ABOUT_RETURN_TYPE = YES_ERROR;
				GCC_WARN_UNDECLARED_SELECTOR = YES;
				GCC_WARN_UNINITIALIZED_AUTOS = YES_AGGRESSIVE;
				GCC_WARN_UNUSED_FUNCTION = YES;
				GCC_WARN_UNUSED_VARIABLE = YES;
				IPHONEOS_DEPLOYMENT_TARGET = 16.0;
				MTL_ENABLE_DEBUG_INFO = INCLUDE_SOURCE;
				MTL_FAST_MATH = YES;
				ONLY_ACTIVE_ARCH = YES;
				SDKROOT = iphoneos;
				SWIFT_ACTIVE_COMPILATION_CONDITIONS = DEBUG;
				SWIFT_OPTIMIZATION_LEVEL = "-Onone";
			};
			name = Debug;
		};
		B7D595D929072B5E00E964BC /* Release */ = {
			isa = XCBuildConfiguration;
			buildSettings = {
				ALWAYS_SEARCH_USER_PATHS = NO;
				CLANG_ANALYZER_NONNULL = YES;
				CLANG_ANALYZER_NUMBER_OBJECT_CONVERSION = YES_AGGRESSIVE;
				CLANG_CXX_LANGUAGE_STANDARD = "gnu++20";
				CLANG_ENABLE_MODULES = YES;
				CLANG_ENABLE_OBJC_ARC = YES;
				CLANG_ENABLE_OBJC_WEAK = YES;
				CLANG_WARN_BLOCK_CAPTURE_AUTORELEASING = YES;
				CLANG_WARN_BOOL_CONVERSION = YES;
				CLANG_WARN_COMMA = YES;
				CLANG_WARN_CONSTANT_CONVERSION = YES;
				CLANG_WARN_DEPRECATED_OBJC_IMPLEMENTATIONS = YES;
				CLANG_WARN_DIRECT_OBJC_ISA_USAGE = YES_ERROR;
				CLANG_WARN_DOCUMENTATION_COMMENTS = YES;
				CLANG_WARN_EMPTY_BODY = YES;
				CLANG_WARN_ENUM_CONVERSION = YES;
				CLANG_WARN_INFINITE_RECURSION = YES;
				CLANG_WARN_INT_CONVERSION = YES;
				CLANG_WARN_NON_LITERAL_NULL_CONVERSION = YES;
				CLANG_WARN_OBJC_IMPLICIT_RETAIN_SELF = YES;
				CLANG_WARN_OBJC_LITERAL_CONVERSION = YES;
				CLANG_WARN_OBJC_ROOT_CLASS = YES_ERROR;
				CLANG_WARN_QUOTED_INCLUDE_IN_FRAMEWORK_HEADER = YES;
				CLANG_WARN_RANGE_LOOP_ANALYSIS = YES;
				CLANG_WARN_STRICT_PROTOTYPES = YES;
				CLANG_WARN_SUSPICIOUS_MOVE = YES;
				CLANG_WARN_UNGUARDED_AVAILABILITY = YES_AGGRESSIVE;
				CLANG_WARN_UNREACHABLE_CODE = YES;
				CLANG_WARN__DUPLICATE_METHOD_MATCH = YES;
				COPY_PHASE_STRIP = NO;
				DEBUG_INFORMATION_FORMAT = "dwarf-with-dsym";
				ENABLE_NS_ASSERTIONS = NO;
				ENABLE_STRICT_OBJC_MSGSEND = YES;
				GCC_C_LANGUAGE_STANDARD = gnu11;
				GCC_NO_COMMON_BLOCKS = YES;
				GCC_WARN_64_TO_32_BIT_CONVERSION = YES;
				GCC_WARN_ABOUT_RETURN_TYPE = YES_ERROR;
				GCC_WARN_UNDECLARED_SELECTOR = YES;
				GCC_WARN_UNINITIALIZED_AUTOS = YES_AGGRESSIVE;
				GCC_WARN_UNUSED_FUNCTION = YES;
				GCC_WARN_UNUSED_VARIABLE = YES;
				IPHONEOS_DEPLOYMENT_TARGET = 16.0;
				MTL_ENABLE_DEBUG_INFO = NO;
				MTL_FAST_MATH = YES;
				SDKROOT = iphoneos;
				SWIFT_COMPILATION_MODE = wholemodule;
				SWIFT_OPTIMIZATION_LEVEL = "-O";
				VALIDATE_PRODUCT = YES;
			};
			name = Release;
		};
		B7D595DB29072B5E00E964BC /* Debug */ = {
			isa = XCBuildConfiguration;
			buildSettings = {
				ASSETCATALOG_COMPILER_APPICON_NAME = AppIcon;
				ASSETCATALOG_COMPILER_GLOBAL_ACCENT_COLOR_NAME = AccentColor;
				CODE_SIGN_STYLE = Automatic;
				CURRENT_PROJECT_VERSION = 1;
				DEVELOPMENT_TEAM = L7SC3MD7VG;
				GENERATE_INFOPLIST_FILE = YES;
				INFOPLIST_FILE = "Sudoku Solver/Info.plist";
				INFOPLIST_KEY_UIApplicationSupportsIndirectInputEvents = YES;
				INFOPLIST_KEY_UILaunchStoryboardName = LaunchScreen;
				INFOPLIST_KEY_UIMainStoryboardFile = Main;
				INFOPLIST_KEY_UISupportedInterfaceOrientations = UIInterfaceOrientationPortrait;
				INFOPLIST_KEY_UISupportedInterfaceOrientations_iPad = "UIInterfaceOrientationLandscapeLeft UIInterfaceOrientationLandscapeRight UIInterfaceOrientationPortrait UIInterfaceOrientationPortraitUpsideDown";
				LD_RUNPATH_SEARCH_PATHS = (
					"$(inherited)",
					"@executable_path/Frameworks",
				);
				MARKETING_VERSION = 1.0;
				PRODUCT_BUNDLE_IDENTIFIER = "com.rahul.Sudoku-Solver";
				PRODUCT_NAME = "$(TARGET_NAME)";
				SWIFT_EMIT_LOC_STRINGS = YES;
				SWIFT_VERSION = 5.0;
				TARGETED_DEVICE_FAMILY = "1,2";
			};
			name = Debug;
		};
		B7D595DC29072B5E00E964BC /* Release */ = {
			isa = XCBuildConfiguration;
			buildSettings = {
				ASSETCATALOG_COMPILER_APPICON_NAME = AppIcon;
				ASSETCATALOG_COMPILER_GLOBAL_ACCENT_COLOR_NAME = AccentColor;
				CODE_SIGN_STYLE = Automatic;
				CURRENT_PROJECT_VERSION = 1;
				DEVELOPMENT_TEAM = L7SC3MD7VG;
				GENERATE_INFOPLIST_FILE = YES;
				INFOPLIST_FILE = "Sudoku Solver/Info.plist";
				INFOPLIST_KEY_UIApplicationSupportsIndirectInputEvents = YES;
				INFOPLIST_KEY_UILaunchStoryboardName = LaunchScreen;
				INFOPLIST_KEY_UIMainStoryboardFile = Main;
				INFOPLIST_KEY_UISupportedInterfaceOrientations = UIInterfaceOrientationPortrait;
				INFOPLIST_KEY_UISupportedInterfaceOrientations_iPad = "UIInterfaceOrientationLandscapeLeft UIInterfaceOrientationLandscapeRight UIInterfaceOrientationPortrait UIInterfaceOrientationPortraitUpsideDown";
				LD_RUNPATH_SEARCH_PATHS = (
					"$(inherited)",
					"@executable_path/Frameworks",
				);
				MARKETING_VERSION = 1.0;
				PRODUCT_BUNDLE_IDENTIFIER = "com.rahul.Sudoku-Solver";
				PRODUCT_NAME = "$(TARGET_NAME)";
				SWIFT_EMIT_LOC_STRINGS = YES;
				SWIFT_VERSION = 5.0;
				TARGETED_DEVICE_FAMILY = "1,2";
			};
			name = Release;
		};
/* End XCBuildConfiguration section */

/* Begin XCConfigurationList section */
		B7D595C129072B5D00E964BC /* Build configuration list for PBXProject "Sudoku Solver" */ = {
			isa = XCConfigurationList;
			buildConfigurations = (
				B7D595D829072B5E00E964BC /* Debug */,
				B7D595D929072B5E00E964BC /* Release */,
			);
			defaultConfigurationIsVisible = 0;
			defaultConfigurationName = Release;
		};
		B7D595DA29072B5E00E964BC /* Build configuration list for PBXNativeTarget "Sudoku Solver" */ = {
			isa = XCConfigurationList;
			buildConfigurations = (
				B7D595DB29072B5E00E964BC /* Debug */,
				B7D595DC29072B5E00E964BC /* Release */,
			);
			defaultConfigurationIsVisible = 0;
			defaultConfigurationName = Release;
		};
/* End XCConfigurationList section */
	};
	rootObject = B7D595BE29072B5D00E964BC /* Project object */;
}
